
Microsoft Visual Studio Solution File, Format Version 12.00
# Visual Studio Version 17
VisualStudioVersion = 17.11.35312.102
MinimumVisualStudioVersion = 10.0.40219.1
Project("{2150E333-8FDC-42A3-9474-1A3956D46DE8}") = "services", "services", "{93EAEDC8-3DC3-44EB-88F2-71AB0B0DBABB}"
EndProject
Project("{9A19103F-16F7-4668-BE54-9A1E7A4F7556}") = "Catalog.Application", "..\..\microservices\Catalog\Catalog.Application\Catalog.Application.csproj", "{AE45EC1C-0716-4B83-9687-311CE7C64F93}"
EndProject
Project("{9A19103F-16F7-4668-BE54-9A1E7A4F7556}") = "Catalog.Domain", "..\..\microservices\Catalog\Catalog.Domain\Catalog.Domain.csproj", "{5572FFD0-475C-4FB6-8756-34782699C6C4}"
EndProject
Project("{9A19103F-16F7-4668-BE54-9A1E7A4F7556}") = "Catalog.Infrastructure", "..\..\microservices\Catalog\Catalog.Infrastructure\Catalog.Infrastructure.csproj", "{176B7DE5-E412-4F74-8F58-B8375322E629}"
EndProject
Project("{9A19103F-16F7-4668-BE54-9A1E7A4F7556}") = "Catalog.UnitTests", "..\..\microservices\Catalog\Catalog.UnitTests\Catalog.UnitTests.csproj", "{3014DC7E-127A-41FB-93EB-B1A299FF3AEE}"
EndProject
Project("{9A19103F-16F7-4668-BE54-9A1E7A4F7556}") = "Identity.Application", "..\..\microservices\Identity\Identity.Application\Identity.Application.csproj", "{83EF8C57-10DC-473C-839F-4689668A2774}"
EndProject
Project("{9A19103F-16F7-4668-BE54-9A1E7A4F7556}") = "Identity.Domain", "..\..\microservices\Identity\Identity.Domain\Identity.Domain.csproj", "{B5DB70E1-3AC4-49A5-9323-039441ABED66}"
EndProject
Project("{9A19103F-16F7-4668-BE54-9A1E7A4F7556}") = "Identity.Infrastructure", "..\..\microservices\Identity\Identity.Infrastructure\Identity.Infrastructure.csproj", "{583A2238-B0A7-4C50-AD01-9BAC2E68558F}"
EndProject
Project("{2150E333-8FDC-42A3-9474-1A3956D46DE8}") = "Catalog", "Catalog", "{B3871F1F-B5CC-4C82-B5DA-2ABDF36DFB4A}"
EndProject
Project("{2150E333-8FDC-42A3-9474-1A3956D46DE8}") = "Identity", "Identity", "{0EE7A850-3181-4DDF-87A1-7823F89B69B2}"
EndProject
Project("{2150E333-8FDC-42A3-9474-1A3956D46DE8}") = "Basket", "Basket", "{C260223E-C97B-46B2-97C8-B5353D2C505E}"
EndProject
Project("{2150E333-8FDC-42A3-9474-1A3956D46DE8}") = "Order", "Order", "{0BAED038-7247-4532-A07C-EC89EC6D0FB7}"
EndProject
Project("{9A19103F-16F7-4668-BE54-9A1E7A4F7556}") = "Ordering.Application", "..\..\microservices\Ordering\Ordering.Application\Ordering.Application.csproj", "{A2011597-70D4-413E-B1C3-DD70791B2670}"
EndProject
Project("{9A19103F-16F7-4668-BE54-9A1E7A4F7556}") = "Ordering.Domain", "..\..\microservices\Ordering\Ordering.Domain\Ordering.Domain.csproj", "{BF906E68-B2D3-42CE-9691-04553836A8C2}"
EndProject
Project("{9A19103F-16F7-4668-BE54-9A1E7A4F7556}") = "Ordering.Infrastructure", "..\..\microservices\Ordering\Ordering.Infrastructure\Ordering.Infrastructure.csproj", "{6B042D97-44B5-4AF6-8DFE-6736B5D0E29D}"
EndProject
Project("{9A19103F-16F7-4668-BE54-9A1E7A4F7556}") = "Ordering.UnitTests", "..\..\microservices\Ordering\Ordering.UnitTests\Ordering.UnitTests.csproj", "{58573D2D-8733-4861-A69F-032C4B0AD30B}"
EndProject
Project("{9A19103F-16F7-4668-BE54-9A1E7A4F7556}") = "Basket.Application", "..\..\microservices\Basket\Basket.Application\Basket.Application.csproj", "{C15BACDD-8920-49CC-88F1-F7F1490BE011}"
EndProject
Project("{9A19103F-16F7-4668-BE54-9A1E7A4F7556}") = "Basket.Domain", "..\..\microservices\Basket\Basket.Domain\Basket.Domain.csproj", "{62CC6B3B-0F04-441A-9003-D327C728FF7D}"
EndProject
Project("{9A19103F-16F7-4668-BE54-9A1E7A4F7556}") = "Basket.Infrastructure", "..\..\microservices\Basket\Basket.Infrastructure\Basket.Infrastructure.csproj", "{EAE56178-3D34-4739-8687-7852F22738F9}"
EndProject
Project("{9A19103F-16F7-4668-BE54-9A1E7A4F7556}") = "Basket.UnitTests", "..\..\microservices\Basket\Basket.UnitTests\Basket.UnitTests.csproj", "{410B7252-DDC7-4AC7-9E8A-0E9FE790C320}"
EndProject
Project("{2150E333-8FDC-42A3-9474-1A3956D46DE8}") = "gateway", "gateway", "{B188B2FF-A535-43CD-B24C-753BCB619A8E}"
EndProject
Project("{FAE04EC0-301F-11D3-BF4B-00C04F79EFBC}") = "Gateway.API", "Gateway.API\Gateway.API.csproj", "{9D9D7C34-AF00-4C12-9CE6-075A5BD0D64C}"
EndProject
Project("{E53339B2-1760-4266-BCC7-CA923CBCF16C}") = "docker-compose", "docker-compose.dcproj", "{F34EA427-4550-4C65-BA0F-38836DD94EE7}"
EndProject
Project("{9A19103F-16F7-4668-BE54-9A1E7A4F7556}") = "Basket.API", "..\..\microservices\Basket\Basket.API\Basket.API.csproj", "{F4D0436B-D00D-41DF-A74C-27AA70E80672}"
EndProject
Project("{9A19103F-16F7-4668-BE54-9A1E7A4F7556}") = "Catalog.API", "..\..\microservices\Catalog\Catalog.API\Catalog.API.csproj", "{37E0A430-DFEB-4A58-810E-2DA37AD7FDF9}"
EndProject
Project("{9A19103F-16F7-4668-BE54-9A1E7A4F7556}") = "Identity.API", "..\..\microservices\Identity\Identity.API\Identity.API.csproj", "{4AAB8F30-C370-4ADA-A1C9-352CC566A763}"
EndProject
Project("{9A19103F-16F7-4668-BE54-9A1E7A4F7556}") = "Ordering.API", "..\..\microservices\Ordering\Ordering.API\Ordering.API.csproj", "{51EC8D89-0BAE-49AB-B252-EE10012C9109}"
EndProject
Global
	GlobalSection(SolutionConfigurationPlatforms) = preSolution
		Debug|Any CPU = Debug|Any CPU
		Release|Any CPU = Release|Any CPU
	EndGlobalSection
	GlobalSection(ProjectConfigurationPlatforms) = postSolution
		{AE45EC1C-0716-4B83-9687-311CE7C64F93}.Debug|Any CPU.ActiveCfg = Debug|Any CPU
		{AE45EC1C-0716-4B83-9687-311CE7C64F93}.Debug|Any CPU.Build.0 = Debug|Any CPU
		{AE45EC1C-0716-4B83-9687-311CE7C64F93}.Release|Any CPU.ActiveCfg = Release|Any CPU
		{AE45EC1C-0716-4B83-9687-311CE7C64F93}.Release|Any CPU.Build.0 = Release|Any CPU
		{5572FFD0-475C-4FB6-8756-34782699C6C4}.Debug|Any CPU.ActiveCfg = Debug|Any CPU
		{5572FFD0-475C-4FB6-8756-34782699C6C4}.Debug|Any CPU.Build.0 = Debug|Any CPU
		{5572FFD0-475C-4FB6-8756-34782699C6C4}.Release|Any CPU.ActiveCfg = Release|Any CPU
		{5572FFD0-475C-4FB6-8756-34782699C6C4}.Release|Any CPU.Build.0 = Release|Any CPU
		{176B7DE5-E412-4F74-8F58-B8375322E629}.Debug|Any CPU.ActiveCfg = Debug|Any CPU
		{176B7DE5-E412-4F74-8F58-B8375322E629}.Debug|Any CPU.Build.0 = Debug|Any CPU
		{176B7DE5-E412-4F74-8F58-B8375322E629}.Release|Any CPU.ActiveCfg = Release|Any CPU
		{176B7DE5-E412-4F74-8F58-B8375322E629}.Release|Any CPU.Build.0 = Release|Any CPU
		{3014DC7E-127A-41FB-93EB-B1A299FF3AEE}.Debug|Any CPU.ActiveCfg = Debug|Any CPU
		{3014DC7E-127A-41FB-93EB-B1A299FF3AEE}.Debug|Any CPU.Build.0 = Debug|Any CPU
		{3014DC7E-127A-41FB-93EB-B1A299FF3AEE}.Release|Any CPU.ActiveCfg = Release|Any CPU
		{3014DC7E-127A-41FB-93EB-B1A299FF3AEE}.Release|Any CPU.Build.0 = Release|Any CPU
		{83EF8C57-10DC-473C-839F-4689668A2774}.Debug|Any CPU.ActiveCfg = Debug|Any CPU
		{83EF8C57-10DC-473C-839F-4689668A2774}.Debug|Any CPU.Build.0 = Debug|Any CPU
		{83EF8C57-10DC-473C-839F-4689668A2774}.Release|Any CPU.ActiveCfg = Release|Any CPU
		{83EF8C57-10DC-473C-839F-4689668A2774}.Release|Any CPU.Build.0 = Release|Any CPU
		{B5DB70E1-3AC4-49A5-9323-039441ABED66}.Debug|Any CPU.ActiveCfg = Debug|Any CPU
		{B5DB70E1-3AC4-49A5-9323-039441ABED66}.Debug|Any CPU.Build.0 = Debug|Any CPU
		{B5DB70E1-3AC4-49A5-9323-039441ABED66}.Release|Any CPU.ActiveCfg = Release|Any CPU
		{B5DB70E1-3AC4-49A5-9323-039441ABED66}.Release|Any CPU.Build.0 = Release|Any CPU
		{583A2238-B0A7-4C50-AD01-9BAC2E68558F}.Debug|Any CPU.ActiveCfg = Debug|Any CPU
		{583A2238-B0A7-4C50-AD01-9BAC2E68558F}.Debug|Any CPU.Build.0 = Debug|Any CPU
		{583A2238-B0A7-4C50-AD01-9BAC2E68558F}.Release|Any CPU.ActiveCfg = Release|Any CPU
		{583A2238-B0A7-4C50-AD01-9BAC2E68558F}.Release|Any CPU.Build.0 = Release|Any CPU
		{A2011597-70D4-413E-B1C3-DD70791B2670}.Debug|Any CPU.ActiveCfg = Debug|Any CPU
		{A2011597-70D4-413E-B1C3-DD70791B2670}.Debug|Any CPU.Build.0 = Debug|Any CPU
		{A2011597-70D4-413E-B1C3-DD70791B2670}.Release|Any CPU.ActiveCfg = Release|Any CPU
		{A2011597-70D4-413E-B1C3-DD70791B2670}.Release|Any CPU.Build.0 = Release|Any CPU
		{BF906E68-B2D3-42CE-9691-04553836A8C2}.Debug|Any CPU.ActiveCfg = Debug|Any CPU
		{BF906E68-B2D3-42CE-9691-04553836A8C2}.Debug|Any CPU.Build.0 = Debug|Any CPU
		{BF906E68-B2D3-42CE-9691-04553836A8C2}.Release|Any CPU.ActiveCfg = Release|Any CPU
		{BF906E68-B2D3-42CE-9691-04553836A8C2}.Release|Any CPU.Build.0 = Release|Any CPU
		{6B042D97-44B5-4AF6-8DFE-6736B5D0E29D}.Debug|Any CPU.ActiveCfg = Debug|Any CPU
		{6B042D97-44B5-4AF6-8DFE-6736B5D0E29D}.Debug|Any CPU.Build.0 = Debug|Any CPU
		{6B042D97-44B5-4AF6-8DFE-6736B5D0E29D}.Release|Any CPU.ActiveCfg = Release|Any CPU
		{6B042D97-44B5-4AF6-8DFE-6736B5D0E29D}.Release|Any CPU.Build.0 = Release|Any CPU
		{58573D2D-8733-4861-A69F-032C4B0AD30B}.Debug|Any CPU.ActiveCfg = Debug|Any CPU
		{58573D2D-8733-4861-A69F-032C4B0AD30B}.Debug|Any CPU.Build.0 = Debug|Any CPU
		{58573D2D-8733-4861-A69F-032C4B0AD30B}.Release|Any CPU.ActiveCfg = Release|Any CPU
		{58573D2D-8733-4861-A69F-032C4B0AD30B}.Release|Any CPU.Build.0 = Release|Any CPU
		{C15BACDD-8920-49CC-88F1-F7F1490BE011}.Debug|Any CPU.ActiveCfg = Debug|Any CPU
		{C15BACDD-8920-49CC-88F1-F7F1490BE011}.Debug|Any CPU.Build.0 = Debug|Any CPU
		{C15BACDD-8920-49CC-88F1-F7F1490BE011}.Release|Any CPU.ActiveCfg = Release|Any CPU
		{C15BACDD-8920-49CC-88F1-F7F1490BE011}.Release|Any CPU.Build.0 = Release|Any CPU
		{62CC6B3B-0F04-441A-9003-D327C728FF7D}.Debug|Any CPU.ActiveCfg = Debug|Any CPU
		{62CC6B3B-0F04-441A-9003-D327C728FF7D}.Debug|Any CPU.Build.0 = Debug|Any CPU
		{62CC6B3B-0F04-441A-9003-D327C728FF7D}.Release|Any CPU.ActiveCfg = Release|Any CPU
		{62CC6B3B-0F04-441A-9003-D327C728FF7D}.Release|Any CPU.Build.0 = Release|Any CPU
		{EAE56178-3D34-4739-8687-7852F22738F9}.Debug|Any CPU.ActiveCfg = Debug|Any CPU
		{EAE56178-3D34-4739-8687-7852F22738F9}.Debug|Any CPU.Build.0 = Debug|Any CPU
		{EAE56178-3D34-4739-8687-7852F22738F9}.Release|Any CPU.ActiveCfg = Release|Any CPU
		{EAE56178-3D34-4739-8687-7852F22738F9}.Release|Any CPU.Build.0 = Release|Any CPU
		{410B7252-DDC7-4AC7-9E8A-0E9FE790C320}.Debug|Any CPU.ActiveCfg = Debug|Any CPU
		{410B7252-DDC7-4AC7-9E8A-0E9FE790C320}.Debug|Any CPU.Build.0 = Debug|Any CPU
		{410B7252-DDC7-4AC7-9E8A-0E9FE790C320}.Release|Any CPU.ActiveCfg = Release|Any CPU
		{410B7252-DDC7-4AC7-9E8A-0E9FE790C320}.Release|Any CPU.Build.0 = Release|Any CPU
		{9D9D7C34-AF00-4C12-9CE6-075A5BD0D64C}.Debug|Any CPU.ActiveCfg = Debug|Any CPU
		{9D9D7C34-AF00-4C12-9CE6-075A5BD0D64C}.Debug|Any CPU.Build.0 = Debug|Any CPU
		{9D9D7C34-AF00-4C12-9CE6-075A5BD0D64C}.Release|Any CPU.ActiveCfg = Release|Any CPU
		{9D9D7C34-AF00-4C12-9CE6-075A5BD0D64C}.Release|Any CPU.Build.0 = Release|Any CPU
		{F34EA427-4550-4C65-BA0F-38836DD94EE7}.Debug|Any CPU.ActiveCfg = Debug|Any CPU
		{F34EA427-4550-4C65-BA0F-38836DD94EE7}.Debug|Any CPU.Build.0 = Debug|Any CPU
		{F34EA427-4550-4C65-BA0F-38836DD94EE7}.Release|Any CPU.ActiveCfg = Release|Any CPU
		{F34EA427-4550-4C65-BA0F-38836DD94EE7}.Release|Any CPU.Build.0 = Release|Any CPU
		{F4D0436B-D00D-41DF-A74C-27AA70E80672}.Debug|Any CPU.ActiveCfg = Debug|Any CPU
		{F4D0436B-D00D-41DF-A74C-27AA70E80672}.Debug|Any CPU.Build.0 = Debug|Any CPU
		{F4D0436B-D00D-41DF-A74C-27AA70E80672}.Release|Any CPU.ActiveCfg = Release|Any CPU
		{F4D0436B-D00D-41DF-A74C-27AA70E80672}.Release|Any CPU.Build.0 = Release|Any CPU
		{37E0A430-DFEB-4A58-810E-2DA37AD7FDF9}.Debug|Any CPU.ActiveCfg = Debug|Any CPU
		{37E0A430-DFEB-4A58-810E-2DA37AD7FDF9}.Debug|Any CPU.Build.0 = Debug|Any CPU
		{37E0A430-DFEB-4A58-810E-2DA37AD7FDF9}.Release|Any CPU.ActiveCfg = Release|Any CPU
		{37E0A430-DFEB-4A58-810E-2DA37AD7FDF9}.Release|Any CPU.Build.0 = Release|Any CPU
		{4AAB8F30-C370-4ADA-A1C9-352CC566A763}.Debug|Any CPU.ActiveCfg = Debug|Any CPU
		{4AAB8F30-C370-4ADA-A1C9-352CC566A763}.Debug|Any CPU.Build.0 = Debug|Any CPU
		{4AAB8F30-C370-4ADA-A1C9-352CC566A763}.Release|Any CPU.ActiveCfg = Release|Any CPU
		{4AAB8F30-C370-4ADA-A1C9-352CC566A763}.Release|Any CPU.Build.0 = Release|Any CPU
		{51EC8D89-0BAE-49AB-B252-EE10012C9109}.Debug|Any CPU.ActiveCfg = Debug|Any CPU
		{51EC8D89-0BAE-49AB-B252-EE10012C9109}.Debug|Any CPU.Build.0 = Debug|Any CPU
		{51EC8D89-0BAE-49AB-B252-EE10012C9109}.Release|Any CPU.ActiveCfg = Release|Any CPU
		{51EC8D89-0BAE-49AB-B252-EE10012C9109}.Release|Any CPU.Build.0 = Release|Any CPU
	EndGlobalSection
	GlobalSection(SolutionProperties) = preSolution
		HideSolutionNode = FALSE
	EndGlobalSection
	GlobalSection(NestedProjects) = preSolution
		{AE45EC1C-0716-4B83-9687-311CE7C64F93} = {B3871F1F-B5CC-4C82-B5DA-2ABDF36DFB4A}
		{5572FFD0-475C-4FB6-8756-34782699C6C4} = {B3871F1F-B5CC-4C82-B5DA-2ABDF36DFB4A}
		{176B7DE5-E412-4F74-8F58-B8375322E629} = {B3871F1F-B5CC-4C82-B5DA-2ABDF36DFB4A}
		{3014DC7E-127A-41FB-93EB-B1A299FF3AEE} = {B3871F1F-B5CC-4C82-B5DA-2ABDF36DFB4A}
		{83EF8C57-10DC-473C-839F-4689668A2774} = {0EE7A850-3181-4DDF-87A1-7823F89B69B2}
		{B5DB70E1-3AC4-49A5-9323-039441ABED66} = {0EE7A850-3181-4DDF-87A1-7823F89B69B2}
		{583A2238-B0A7-4C50-AD01-9BAC2E68558F} = {0EE7A850-3181-4DDF-87A1-7823F89B69B2}
		{B3871F1F-B5CC-4C82-B5DA-2ABDF36DFB4A} = {93EAEDC8-3DC3-44EB-88F2-71AB0B0DBABB}
		{0EE7A850-3181-4DDF-87A1-7823F89B69B2} = {93EAEDC8-3DC3-44EB-88F2-71AB0B0DBABB}
		{C260223E-C97B-46B2-97C8-B5353D2C505E} = {93EAEDC8-3DC3-44EB-88F2-71AB0B0DBABB}
		{0BAED038-7247-4532-A07C-EC89EC6D0FB7} = {93EAEDC8-3DC3-44EB-88F2-71AB0B0DBABB}
		{A2011597-70D4-413E-B1C3-DD70791B2670} = {0BAED038-7247-4532-A07C-EC89EC6D0FB7}
		{BF906E68-B2D3-42CE-9691-04553836A8C2} = {0BAED038-7247-4532-A07C-EC89EC6D0FB7}
		{6B042D97-44B5-4AF6-8DFE-6736B5D0E29D} = {0BAED038-7247-4532-A07C-EC89EC6D0FB7}
		{58573D2D-8733-4861-A69F-032C4B0AD30B} = {0BAED038-7247-4532-A07C-EC89EC6D0FB7}
		{C15BACDD-8920-49CC-88F1-F7F1490BE011} = {C260223E-C97B-46B2-97C8-B5353D2C505E}
		{62CC6B3B-0F04-441A-9003-D327C728FF7D} = {C260223E-C97B-46B2-97C8-B5353D2C505E}
		{EAE56178-3D34-4739-8687-7852F22738F9} = {C260223E-C97B-46B2-97C8-B5353D2C505E}
		{410B7252-DDC7-4AC7-9E8A-0E9FE790C320} = {C260223E-C97B-46B2-97C8-B5353D2C505E}
		{9D9D7C34-AF00-4C12-9CE6-075A5BD0D64C} = {B188B2FF-A535-43CD-B24C-753BCB619A8E}
		{F4D0436B-D00D-41DF-A74C-27AA70E80672} = {C260223E-C97B-46B2-97C8-B5353D2C505E}
		{37E0A430-DFEB-4A58-810E-2DA37AD7FDF9} = {B3871F1F-B5CC-4C82-B5DA-2ABDF36DFB4A}
		{4AAB8F30-C370-4ADA-A1C9-352CC566A763} = {0EE7A850-3181-4DDF-87A1-7823F89B69B2}
		{51EC8D89-0BAE-49AB-B252-EE10012C9109} = {0BAED038-7247-4532-A07C-EC89EC6D0FB7}
	EndGlobalSection
	GlobalSection(ExtensibilityGlobals) = postSolution
		SolutionGuid = {23CAC76A-B34B-4E02-9FE3-0BEFAB17BAF6}
	EndGlobalSection
EndGlobal
